# This file is automatically @generated by Cargo.
# It is not intended for manual editing.
version = 3

[[package]]
name = "file"
version = "0.1.0"
dependencies = [
 "file-format",
]

[[package]]
name = "file-format"
version = "0.24.0"
source = "registry+https://github.com/rust-lang/crates.io-index"
checksum = "4ba1b81b3c213cf1c071f8bf3b83531f310df99642e58c48247272eef006cae5"
